Microsoft Visual Studio Solution File, Format Version 12.00
# Visual Studio Version 17
VisualStudioVersion = 17.5.2.0
MinimumVisualStudioVersion = 10.0.40219.1
Project("{FAE04EC0-301F-11D3-BF4B-00C04F79EFBC}") = "EcfrAnalyzer", "EcfrAnalyzer.csproj", "{3F56A949-3663-034D-5C0D-812E826B1A14}"
EndProject
Global
	GlobalSection(SolutionConfigurationPlatforms) = preSolution
		Debug|Any CPU = Debug|Any CPU
		Release|Any CPU = Release|Any CPU
	EndGlobalSection
	GlobalSection(ProjectConfigurationPlatforms) = postSolution
		{3F56A949-3663-034D-5C0D-812E826B1A14}.Debug|Any CPU.ActiveCfg = Debug|Any CPU
		{3F56A949-3663-034D-5C0D-812E826B1A14}.Debug|Any CPU.Build.0 = Debug|Any CPU
		{3F56A949-3663-034D-5C0D-812E826B1A14}.Release|Any CPU.ActiveCfg = Release|Any CPU
		{3F56A949-3663-034D-5C0D-812E826B1A14}.Release|Any CPU.Build.0 = Release|Any CPU
	EndGlobalSection
	GlobalSection(SolutionProperties) = preSolution
		HideSolutionNode = FALSE
	EndGlobalSection
	GlobalSection(ExtensibilityGlobals) = postSolution
		SolutionGuid = {52046EFC-74C9-4DDB-8492-D7500B7F4887}
	EndGlobalSection
EndGlobal
